
Microsoft Visual Studio Solution File, Format Version 12.00
# Visual Studio Version 18
VisualStudioVersion = 18.6.11723.189 insiders
MinimumVisualStudioVersion = 10.0.40219.1
Project("{FAE04EC0-301F-11D3-BF4B-00C04F79EFBC}") = "NandanLabRawData", "NandanLabRawData.csproj", "{ABBFDCB8-6147-49D1-150C-EB04821664F4}"
EndProject
Global
	GlobalSection(SolutionConfigurationPlatforms) = preSolution
		Debug|Any CPU = Debug|Any CPU
		Release|Any CPU = Release|Any CPU
	EndGlobalSection
	GlobalSection(ProjectConfigurationPlatforms) = postSolution
		{ABBFDCB8-6147-49D1-150C-EB04821664F4}.Debug|Any CPU.ActiveCfg = Debug|Any CPU
		{ABBFDCB8-6147-49D1-150C-EB04821664F4}.Debug|Any CPU.Build.0 = Debug|Any CPU
		{ABBFDCB8-6147-49D1-150C-EB04821664F4}.Release|Any CPU.ActiveCfg = Release|Any CPU
		{ABBFDCB8-6147-49D1-150C-EB04821664F4}.Release|Any CPU.Build.0 = Release|Any CPU
	EndGlobalSection
	GlobalSection(SolutionProperties) = preSolution
		HideSolutionNode = FALSE
	EndGlobalSection
	GlobalSection(ExtensibilityGlobals) = postSolution
		SolutionGuid = {D2BFD52F-DFAD-40BF-AE09-6E1E4E5004D7}
	EndGlobalSection
EndGlobal
